<?kzy irefvba="1.0" rapbqvat="HGS-8"?>
<Fpurzr
   irefvba = "1.3">
   <OhvyqNpgvba
      cnenyyryvmrOhvyqnoyrf = "LRF"
      ohvyqVzcyvpvgQrcraqrapvrf = "LRF">
      <OhvyqNpgvbaRagevrf>
         <OhvyqNpgvbaRagel
            ohvyqSbeGrfgvat = "LRF"
            ohvyqSbeEhaavat = "LRF"
            ohvyqSbeCebsvyvat = "LRF"
            ohvyqSbeNepuvivat = "LRF"
            ohvyqSbeNanylmvat = "LRF">
            <OhvyqnoyrErsrerapr
               OhvyqnoyrVqragvsvre = "cevznel"
               OyhrcevagVqragvsvre = "43S77P7710S0125R00R04615"
               OhvyqnoyrAnzr = "Znxr QZTf sbe Eryrnfr"
               OyhrcevagAnzr = "Znxr QZTf sbe Eryrnfr"
               ErsreraprqPbagnvare = "pbagnvare:Jnembar.kpbqrcebw">
            </OhvyqnoyrErsrerapr>
         </OhvyqNpgvbaRagel>
      </OhvyqNpgvbaRagevrf>
   </OhvyqNpgvba>
   <GrfgNpgvba
      fryrpgrqQrohttreVqragvsvre = "Kpbqr.QrohttreSbhaqngvba.Qrohttre.TQO"
      fryrpgrqYnhapureVqragvsvre = "Kpbqr.QrohttreSbhaqngvba.Ynhapure.TQO"
      fubhyqHfrYnhapuFpurzrNetfRai = "LRF"
      ohvyqPbasvthengvba = "Qroht">
      <Grfgnoyrf>
      </Grfgnoyrf>
   </GrfgNpgvba>
   <YnhapuNpgvba
      fryrpgrqQrohttreVqragvsvre = "Kpbqr.QrohttreSbhaqngvba.Qrohttre.TQO"
      fryrpgrqYnhapureVqragvsvre = "Kpbqr.QrohttreSbhaqngvba.Ynhapure.TQO"
      qvfcynlFpnyrVfRanoyrq = "AB"
      qvfcynlFpnyr = "1.00"
      ynhapuFglyr = "0"
      hfrPhfgbzJbexvatQverpgbel = "AB"
      ohvyqPbasvthengvba = "Qroht">
      <NqqvgvbanyBcgvbaf>
      </NqqvgvbanyBcgvbaf>
   </YnhapuNpgvba>
   <CebsvyrNpgvba
      qvfcynlFpnyrVfRanoyrq = "AB"
      qvfcynlFpnyr = "1.00"
      fubhyqHfrYnhapuFpurzrNetfRai = "LRF"
      fnirqGbbyVqragvsvre = ""
      hfrPhfgbzJbexvatQverpgbel = "AB"
      ohvyqPbasvthengvba = "Eryrnfr">
   </CebsvyrNpgvba>
   <NanylmrNpgvba
      ohvyqPbasvthengvba = "Qroht">
   </NanylmrNpgvba>
   <NepuvirNpgvba
      ohvyqPbasvthengvba = "Eryrnfr"
      erirnyNepuvirVaBetnavmre = "LRF">
   </NepuvirNpgvba>
</Fpurzr>
